{
  "nodes": {
    "home-manager": {
      "inputs": {
        "nixpkgs": [
          "nixpkgs"
        ],
        "utils": "utils"
      },
      "locked": {
        "lastModified": 1663629861,
        "narHash": "sha256-CjfQUyPfG/hkE4jnMcTvVJ0ubc84u8ySruZL+emXMjw=",
        "owner": "nix-community",
        "repo": "home-manager",
        "rev": "41790ba656bafc023f48ccdbbe7816d30fd52d76",
        "type": "github"
      },
      "original": {
        "owner": "nix-community",
        "repo": "home-manager",
        "type": "github"
      }
    },
    "nixpkgs": {
      "locked": {
        "lastModified": 1663494472,
        "narHash": "sha256-fSowlaoXXWcAM8m9wA6u+eTJJtvruYHMA+Lb/tFi/qM=",
        "owner": "NixOS",
        "repo": "nixpkgs",
        "rev": "f677051b8dc0b5e2a9348941c99eea8c4b0ff28f",
        "type": "github"
      },
      "original": {
        "owner": "NixOS",
        "ref": "nixos-unstable",
        "repo": "nixpkgs",
        "type": "github"
      }
    },
    "nur": {
      "locked": {
        "lastModified": 1663698372,
        "narHash": "sha256-mwbkSx0g/U73DzpxkRL7KuXZtS7rZt5Ks4BbxsftHrY=",
        "owner": "nix-community",
        "repo": "nur",
        "rev": "8c17e0445fe26f7d44c100f478a5855cd0385d5b",
        "type": "github"
      },
      "original": {
        "owner": "nix-community",
        "repo": "nur",
        "type": "github"
      }
    },
    "root": {
      "inputs": {
        "home-manager": "home-manager",
        "nixpkgs": "nixpkgs",
        "nur": "nur"
      }
    },
    "utils": {
      "locked": {
        "lastModified": 1659877975,
        "narHash": "sha256-zllb8aq3YO3h8B/U0/J1WBgAL8EX5yWf5pMj3G0NAmc=",
        "owner": "numtide",
        "repo": "flake-utils",
        "rev": "c0e246b9b83f637f4681389ecabcb2681b4f3af0",
        "type": "github"
      },
      "original": {
        "owner": "numtide",
        "repo": "flake-utils",
        "type": "github"
      }
    }
  },
  "root": "root",
  "version": 7
}
