{
  "nodes": {
    "home-manager": {
      "inputs": {
        "nixpkgs": [
          "nixpkgs"
        ]
      },
      "locked": {
        "lastModified": 1651616957,
        "narHash": "sha256-L1Chwdxsa3VusVDgViNk7q4EIC/h8Ndw7YYKVDDRkyU=",
        "owner": "nix-community",
        "repo": "home-manager",
        "rev": "c13ffa3ed42a653c058d78771f4ff0ef8798e7fd",
        "type": "github"
      },
      "original": {
        "owner": "nix-community",
        "repo": "home-manager",
        "type": "github"
      }
    },
    "nixpkgs": {
      "locked": {
        "lastModified": 1651558728,
        "narHash": "sha256-8HzyRnWlgZluUrVFNOfZAOlA1fghpOSezXvxhalGMUo=",
        "owner": "NixOS",
        "repo": "nixpkgs",
        "rev": "cbe587c735b734405f56803e267820ee1559e6c1",
        "type": "github"
      },
      "original": {
        "owner": "NixOS",
        "ref": "nixos-unstable",
        "repo": "nixpkgs",
        "type": "github"
      }
    },
    "nur": {
      "locked": {
        "lastModified": 1651625109,
        "narHash": "sha256-Szkhzjh5MCOvsv/y5shq5Uv0uegDM0ofuj2VV2jIyrY=",
        "owner": "nix-community",
        "repo": "nur",
        "rev": "65ee704063a9498cfd390612a31efd7f3fa23255",
        "type": "github"
      },
      "original": {
        "owner": "nix-community",
        "repo": "nur",
        "type": "github"
      }
    },
    "root": {
      "inputs": {
        "home-manager": "home-manager",
        "nixpkgs": "nixpkgs",
        "nur": "nur"
      }
    }
  },
  "root": "root",
  "version": 7
}
